<?xml version="1.0" encoding="UTF-8"?>
<!DOCTYPE plist PUBLIC "-//Apple//DTD PLIST 1.0//EN" "http://www.apple.com/DTDs/PropertyList-1.0.dtd">
<plist version="1.0">
<dict>
	<key>archiveVersion</key>
	<string>1</string>
	<key>classes</key>
	<dict/>
	<key>objectVersion</key>
	<string>46</string>
	<key>objects</key>
	<dict>
		<key>0697F9A2912146B292697E02</key>
		<dict>
			<key>buildActionMask</key>
			<string>2147483647</string>
			<key>files</key>
			<array/>
			<key>inputPaths</key>
			<array/>
			<key>isa</key>
			<string>PBXShellScriptBuildPhase</string>
			<key>name</key>
			<string>Check Pods Manifest.lock</string>
			<key>outputPaths</key>
			<array/>
			<key>runOnlyForDeploymentPostprocessing</key>
			<string>0</string>
			<key>shellPath</key>
			<string>/bin/sh</string>
			<key>shellScript</key>
			<string>diff "${PODS_ROOT}/../Podfile.lock" "${PODS_ROOT}/Manifest.lock" &gt; /dev/null
if [[ $? != 0 ]] ; then
    cat &lt;&lt; EOM
error: The sandbox is not in sync with the Podfile.lock. Run 'pod install' or update your CocoaPods installation.
EOM
    exit 1
fi
</string>
			<key>showEnvVarsInLog</key>
			<string>0</string>
		</dict>
		<key>10794BCB5E8249ED99698608</key>
		<dict>
			<key>fileRef</key>
			<string>7B09C51D30194AC494F1C98C</string>
			<key>isa</key>
			<string>PBXBuildFile</string>
		</dict>
		<key>39717AF1D39C4E99AB0C4E6A</key>
		<dict>
			<key>buildActionMask</key>
			<string>2147483647</string>
			<key>files</key>
			<array/>
			<key>inputPaths</key>
			<array/>
			<key>isa</key>
			<string>PBXShellScriptBuildPhase</string>
			<key>name</key>
			<string>Copy Pods Resources</string>
			<key>outputPaths</key>
			<array/>
			<key>runOnlyForDeploymentPostprocessing</key>
			<string>0</string>
			<key>shellPath</key>
			<string>/bin/sh</string>
			<key>shellScript</key>
			<string>"${SRCROOT}/Pods/Pods-resources.sh"
</string>
			<key>showEnvVarsInLog</key>
			<string>0</string>
		</dict>
		<key>690511B2197F94F000116465</key>
		<dict>
			<key>isa</key>
			<string>PBXFileReference</string>
			<key>lastKnownFileType</key>
			<string>text.plist.strings</string>
			<key>name</key>
			<string>pl</string>
			<key>path</key>
			<string>pl.lproj/Main.strings</string>
			<key>sourceTree</key>
			<string>&lt;group&gt;</string>
		</dict>
		<key>690511B3197F94F000116465</key>
		<dict>
			<key>isa</key>
			<string>PBXFileReference</string>
			<key>lastKnownFileType</key>
			<string>text.plist.strings</string>
			<key>name</key>
			<string>pl</string>
			<key>path</key>
			<string>pl.lproj/InfoPlist.strings</string>
			<key>sourceTree</key>
			<string>&lt;group&gt;</string>
		</dict>
		<key>690511B4197F94F000116465</key>
		<dict>
			<key>isa</key>
			<string>PBXFileReference</string>
			<key>lastKnownFileType</key>
			<string>text.plist.strings</string>
			<key>name</key>
			<string>pl</string>
			<key>path</key>
			<string>pl.lproj/InfoPlist.strings</string>
			<key>sourceTree</key>
			<string>&lt;group&gt;</string>
		</dict>
		<key>690511B5197F950600116465</key>
		<dict>
			<key>fileRef</key>
			<string>690511B7197F950600116465</string>
			<key>isa</key>
			<string>PBXBuildFile</string>
		</dict>
		<key>690511B6197F950600116465</key>
		<dict>
			<key>isa</key>
			<string>PBXFileReference</string>
			<key>lastKnownFileType</key>
			<string>text.plist.strings</string>
			<key>name</key>
			<string>en</string>
			<key>path</key>
			<string>en.lproj/Localizable.strings</string>
			<key>sourceTree</key>
			<string>&lt;group&gt;</string>
		</dict>
		<key>690511B7197F950600116465</key>
		<dict>
			<key>children</key>
			<array>
				<string>690511B6197F950600116465</string>
				<string>690511B8197F951500116465</string>
			</array>
			<key>isa</key>
			<string>PBXVariantGroup</string>
			<key>name</key>
			<string>Localizable.strings</string>
			<key>sourceTree</key>
			<string>&lt;group&gt;</string>
		</dict>
		<key>690511B8197F951500116465</key>
		<dict>
			<key>isa</key>
			<string>PBXFileReference</string>
			<key>lastKnownFileType</key>
			<string>text.plist.strings</string>
			<key>name</key>
			<string>pl</string>
			<key>path</key>
			<string>pl.lproj/Localizable.strings</string>
			<key>sourceTree</key>
			<string>&lt;group&gt;</string>
		</dict>
		<key>693ABCDE197E3B9F007A850E</key>
		<dict>
			<key>children</key>
			<array>
				<string>693ABCF0197E3B9F007A850E</string>
				<string>693ABD0F197E3BA0007A850E</string>
				<string>693ABCE9197E3B9F007A850E</string>
				<string>693ABCE8197E3B9F007A850E</string>
				<string>737BB5174ECD431AAFD6ECCC</string>
			</array>
			<key>isa</key>
			<string>PBXGroup</string>
			<key>sourceTree</key>
			<string>&lt;group&gt;</string>
		</dict>
		<key>693ABCDF197E3B9F007A850E</key>
		<dict>
			<key>attributes</key>
			<dict>
				<key>LastUpgradeCheck</key>
				<string>0510</string>
				<key>ORGANIZATIONNAME</key>
				<string>mm</string>
				<key>TargetAttributes</key>
				<dict>
					<key>693ABD07197E3BA0007A850E</key>
					<dict>
						<key>TestTargetID</key>
						<string>693ABCE6197E3B9F007A850E</string>
					</dict>
				</dict>
			</dict>
			<key>buildConfigurationList</key>
			<string>693ABCE2197E3B9F007A850E</string>
			<key>compatibilityVersion</key>
			<string>Xcode 3.2</string>
			<key>developmentRegion</key>
			<string>English</string>
			<key>hasScannedForEncodings</key>
			<string>0</string>
			<key>isa</key>
			<string>PBXProject</string>
			<key>knownRegions</key>
			<array>
				<string>en</string>
				<string>Base</string>
				<string>pl</string>
			</array>
			<key>mainGroup</key>
			<string>693ABCDE197E3B9F007A850E</string>
			<key>productRefGroup</key>
			<string>693ABCE8197E3B9F007A850E</string>
			<key>projectDirPath</key>
			<string></string>
			<key>projectReferences</key>
			<array/>
			<key>projectRoot</key>
			<string></string>
			<key>targets</key>
			<array>
				<string>693ABCE6197E3B9F007A850E</string>
				<string>693ABD07197E3BA0007A850E</string>
			</array>
		</dict>
		<key>693ABCE2197E3B9F007A850E</key>
		<dict>
			<key>buildConfigurations</key>
			<array>
				<string>693ABD17197E3BA0007A850E</string>
				<string>693ABD18197E3BA0007A850E</string>
			</array>
			<key>defaultConfigurationIsVisible</key>
			<string>0</string>
			<key>defaultConfigurationName</key>
			<string>Release</string>
			<key>isa</key>
			<string>XCConfigurationList</string>
		</dict>
		<key>693ABCE3197E3B9F007A850E</key>
		<dict>
			<key>buildActionMask</key>
			<string>2147483647</string>
			<key>files</key>
			<array>
				<string>693ABD2F197E3D39007A850E</string>
				<string>693ABD2C197E3D19007A850E</string>
				<string>693ABD34197E4584007A850E</string>
				<string>693ABCF7197E3B9F007A850E</string>
			</array>
			<key>isa</key>
			<string>PBXSourcesBuildPhase</string>
			<key>runOnlyForDeploymentPostprocessing</key>
			<string>0</string>
		</dict>
		<key>693ABCE4197E3B9F007A850E</key>
		<dict>
			<key>buildActionMask</key>
			<string>2147483647</string>
			<key>files</key>
			<array>
				<string>693ABD31197E3F5F007A850E</string>
				<string>693ABD20197E3C84007A850E</string>
				<string>693ABCED197E3B9F007A850E</string>
				<string>693ABCEF197E3B9F007A850E</string>
				<string>693ABCEB197E3B9F007A850E</string>
				<string>10794BCB5E8249ED99698608</string>
			</array>
			<key>isa</key>
			<string>PBXFrameworksBuildPhase</string>
			<key>runOnlyForDeploymentPostprocessing</key>
			<string>0</string>
		</dict>
		<key>693ABCE5197E3B9F007A850E</key>
		<dict>
			<key>buildActionMask</key>
			<string>2147483647</string>
			<key>files</key>
			<array>
				<string>693ABD03197E3BA0007A850E</string>
				<string>690511B5197F950600116465</string>
				<string>693ABCF5197E3B9F007A850E</string>
				<string>693ABCFE197E3BA0007A850E</string>
			</array>
			<key>isa</key>
			<string>PBXResourcesBuildPhase</string>
			<key>runOnlyForDeploymentPostprocessing</key>
			<string>0</string>
		</dict>
		<key>693ABCE6197E3B9F007A850E</key>
		<dict>
			<key>buildConfigurationList</key>
			<string>693ABD19197E3BA0007A850E</string>
			<key>buildPhases</key>
			<array>
				<string>0697F9A2912146B292697E02</string>
				<string>693ABCE3197E3B9F007A850E</string>
				<string>693ABCE4197E3B9F007A850E</string>
				<string>693ABCE5197E3B9F007A850E</string>
				<string>39717AF1D39C4E99AB0C4E6A</string>
			</array>
			<key>buildRules</key>
			<array/>
			<key>dependencies</key>
			<array/>
			<key>isa</key>
			<string>PBXNativeTarget</string>
			<key>name</key>
			<string>zadanie</string>
			<key>productName</key>
			<string>zadanie</string>
			<key>productReference</key>
			<string>693ABCE7197E3B9F007A850E</string>
			<key>productType</key>
			<string>com.apple.product-type.application</string>
		</dict>
		<key>693ABCE7197E3B9F007A850E</key>
		<dict>
			<key>explicitFileType</key>
			<string>wrapper.application</string>
			<key>includeInIndex</key>
			<string>0</string>
			<key>isa</key>
			<string>PBXFileReference</string>
			<key>path</key>
			<string>zadanie.app</string>
			<key>sourceTree</key>
			<string>BUILT_PRODUCTS_DIR</string>
		</dict>
		<key>693ABCE8197E3B9F007A850E</key>
		<dict>
			<key>children</key>
			<array>
				<string>693ABCE7197E3B9F007A850E</string>
				<string>693ABD08197E3BA0007A850E</string>
			</array>
			<key>isa</key>
			<string>PBXGroup</string>
			<key>name</key>
			<string>Products</string>
			<key>sourceTree</key>
			<string>&lt;group&gt;</string>
		</dict>
		<key>693ABCE9197E3B9F007A850E</key>
		<dict>
			<key>children</key>
			<array>
				<string>693ABD30197E3F5F007A850E</string>
				<string>693ABD1F197E3C84007A850E</string>
				<string>693ABCEA197E3B9F007A850E</string>
				<string>693ABCEC197E3B9F007A850E</string>
				<string>693ABCEE197E3B9F007A850E</string>
				<string>693ABD09197E3BA0007A850E</string>
				<string>7B09C51D30194AC494F1C98C</string>
			</array>
			<key>isa</key>
			<string>PBXGroup</string>
			<key>name</key>
			<string>Frameworks</string>
			<key>sourceTree</key>
			<string>&lt;group&gt;</string>
		</dict>
		<key>693ABCEA197E3B9F007A850E</key>
		<dict>
			<key>isa</key>
			<string>PBXFileReference</string>
			<key>lastKnownFileType</key>
			<string>wrapper.framework</string>
			<key>name</key>
			<string>Foundation.framework</string>
			<key>path</key>
			<string>System/Library/Frameworks/Foundation.framework</string>
			<key>sourceTree</key>
			<string>SDKROOT</string>
		</dict>
		<key>693ABCEB197E3B9F007A850E</key>
		<dict>
			<key>fileRef</key>
			<string>693ABCEA197E3B9F007A850E</string>
			<key>isa</key>
			<string>PBXBuildFile</string>
		</dict>
		<key>693ABCEC197E3B9F007A850E</key>
		<dict>
			<key>isa</key>
			<string>PBXFileReference</string>
			<key>lastKnownFileType</key>
			<string>wrapper.framework</string>
			<key>name</key>
			<string>CoreGraphics.framework</string>
			<key>path</key>
			<string>System/Library/Frameworks/CoreGraphics.framework</string>
			<key>sourceTree</key>
			<string>SDKROOT</string>
		</dict>
		<key>693ABCED197E3B9F007A850E</key>
		<dict>
			<key>fileRef</key>
			<string>693ABCEC197E3B9F007A850E</string>
			<key>isa</key>
			<string>PBXBuildFile</string>
		</dict>
		<key>693ABCEE197E3B9F007A850E</key>
		<dict>
			<key>isa</key>
			<string>PBXFileReference</string>
			<key>lastKnownFileType</key>
			<string>wrapper.framework</string>
			<key>name</key>
			<string>UIKit.framework</string>
			<key>path</key>
			<string>System/Library/Frameworks/UIKit.framework</string>
			<key>sourceTree</key>
			<string>SDKROOT</string>
		</dict>
		<key>693ABCEF197E3B9F007A850E</key>
		<dict>
			<key>fileRef</key>
			<string>693ABCEE197E3B9F007A850E</string>
			<key>isa</key>
			<string>PBXBuildFile</string>
		</dict>
		<key>693ABCF0197E3B9F007A850E</key>
		<dict>
			<key>children</key>
			<array>
				<string>693ABD29197E3D19007A850E</string>
				<string>693ABCFC197E3BA0007A850E</string>
				<string>693ABD02197E3BA0007A850E</string>
				<string>693ABCF1197E3B9F007A850E</string>
				<string>690511B7197F950600116465</string>
			</array>
			<key>isa</key>
			<string>PBXGroup</string>
			<key>path</key>
			<string>zadanie</string>
			<key>sourceTree</key>
			<string>&lt;group&gt;</string>
		</dict>
		<key>693ABCF1197E3B9F007A850E</key>
		<dict>
			<key>children</key>
			<array>
				<string>693ABCF2197E3B9F007A850E</string>
				<string>693ABCF3197E3B9F007A850E</string>
				<string>693ABCF6197E3B9F007A850E</string>
				<string>693ABCF8197E3B9F007A850E</string>
			</array>
			<key>isa</key>
			<string>PBXGroup</string>
			<key>name</key>
			<string>Supporting Files</string>
			<key>sourceTree</key>
			<string>&lt;group&gt;</string>
		</dict>
		<key>693ABCF2197E3B9F007A850E</key>
		<dict>
			<key>isa</key>
			<string>PBXFileReference</string>
			<key>lastKnownFileType</key>
			<string>text.plist.xml</string>
			<key>path</key>
			<string>zadanie-Info.plist</string>
			<key>sourceTree</key>
			<string>&lt;group&gt;</string>
		</dict>
		<key>693ABCF3197E3B9F007A850E</key>
		<dict>
			<key>children</key>
			<array>
				<string>693ABCF4197E3B9F007A850E</string>
				<string>690511B3197F94F000116465</string>
			</array>
			<key>isa</key>
			<string>PBXVariantGroup</string>
			<key>name</key>
			<string>InfoPlist.strings</string>
			<key>sourceTree</key>
			<string>&lt;group&gt;</string>
		</dict>
		<key>693ABCF4197E3B9F007A850E</key>
		<dict>
			<key>isa</key>
			<string>PBXFileReference</string>
			<key>lastKnownFileType</key>
			<string>text.plist.strings</string>
			<key>name</key>
			<string>en</string>
			<key>path</key>
			<string>en.lproj/InfoPlist.strings</string>
			<key>sourceTree</key>
			<string>&lt;group&gt;</string>
		</dict>
		<key>693ABCF5197E3B9F007A850E</key>
		<dict>
			<key>fileRef</key>
			<string>693ABCF3197E3B9F007A850E</string>
			<key>isa</key>
			<string>PBXBuildFile</string>
		</dict>
		<key>693ABCF6197E3B9F007A850E</key>
		<dict>
			<key>isa</key>
			<string>PBXFileReference</string>
			<key>lastKnownFileType</key>
			<string>sourcecode.c.objc</string>
			<key>path</key>
			<string>main.m</string>
			<key>sourceTree</key>
			<string>&lt;group&gt;</string>
		</dict>
		<key>693ABCF7197E3B9F007A850E</key>
		<dict>
			<key>fileRef</key>
			<string>693ABCF6197E3B9F007A850E</string>
			<key>isa</key>
			<string>PBXBuildFile</string>
		</dict>
		<key>693ABCF8197E3B9F007A850E</key>
		<dict>
			<key>isa</key>
			<string>PBXFileReference</string>
			<key>lastKnownFileType</key>
			<string>sourcecode.c.h</string>
			<key>path</key>
			<string>zadanie-Prefix.pch</string>
			<key>sourceTree</key>
			<string>&lt;group&gt;</string>
		</dict>
		<key>693ABCFC197E3BA0007A850E</key>
		<dict>
			<key>children</key>
			<array>
				<string>693ABCFD197E3BA0007A850E</string>
				<string>690511B2197F94F000116465</string>
			</array>
			<key>isa</key>
			<string>PBXVariantGroup</string>
			<key>name</key>
			<string>Main.storyboard</string>
			<key>sourceTree</key>
			<string>&lt;group&gt;</string>
		</dict>
		<key>693ABCFD197E3BA0007A850E</key>
		<dict>
			<key>isa</key>
			<string>PBXFileReference</string>
			<key>lastKnownFileType</key>
			<string>file.storyboard</string>
			<key>name</key>
			<string>Base</string>
			<key>path</key>
			<string>Base.lproj/Main.storyboard</string>
			<key>sourceTree</key>
			<string>&lt;group&gt;</string>
		</dict>
		<key>693ABCFE197E3BA0007A850E</key>
		<dict>
			<key>fileRef</key>
			<string>693ABCFC197E3BA0007A850E</string>
			<key>isa</key>
			<string>PBXBuildFile</string>
		</dict>
		<key>693ABD02197E3BA0007A850E</key>
		<dict>
			<key>isa</key>
			<string>PBXFileReference</string>
			<key>lastKnownFileType</key>
			<string>folder.assetcatalog</string>
			<key>path</key>
			<string>Images.xcassets</string>
			<key>sourceTree</key>
			<string>&lt;group&gt;</string>
		</dict>
		<key>693ABD03197E3BA0007A850E</key>
		<dict>
			<key>fileRef</key>
			<string>693ABD02197E3BA0007A850E</string>
			<key>isa</key>
			<string>PBXBuildFile</string>
		</dict>
		<key>693ABD04197E3BA0007A850E</key>
		<dict>
			<key>buildActionMask</key>
			<string>2147483647</string>
			<key>files</key>
			<array>
				<string>693ABD16197E3BA0007A850E</string>
			</array>
			<key>isa</key>
			<string>PBXSourcesBuildPhase</string>
			<key>runOnlyForDeploymentPostprocessing</key>
			<string>0</string>
		</dict>
		<key>693ABD05197E3BA0007A850E</key>
		<dict>
			<key>buildActionMask</key>
			<string>2147483647</string>
			<key>files</key>
			<array>
				<string>693ABD0A197E3BA0007A850E</string>
				<string>693ABD0C197E3BA0007A850E</string>
				<string>693ABD0B197E3BA0007A850E</string>
			</array>
			<key>isa</key>
			<string>PBXFrameworksBuildPhase</string>
			<key>runOnlyForDeploymentPostprocessing</key>
			<string>0</string>
		</dict>
		<key>693ABD06197E3BA0007A850E</key>
		<dict>
			<key>buildActionMask</key>
			<string>2147483647</string>
			<key>files</key>
			<array>
				<string>693ABD14197E3BA0007A850E</string>
			</array>
			<key>isa</key>
			<string>PBXResourcesBuildPhase</string>
			<key>runOnlyForDeploymentPostprocessing</key>
			<string>0</string>
		</dict>
		<key>693ABD07197E3BA0007A850E</key>
		<dict>
			<key>buildConfigurationList</key>
			<string>693ABD1C197E3BA0007A850E</string>
			<key>buildPhases</key>
			<array>
				<string>693ABD04197E3BA0007A850E</string>
				<string>693ABD05197E3BA0007A850E</string>
				<string>693ABD06197E3BA0007A850E</string>
			</array>
			<key>buildRules</key>
			<array/>
			<key>dependencies</key>
			<array>
				<string>693ABD0E197E3BA0007A850E</string>
			</array>
			<key>isa</key>
			<string>PBXNativeTarget</string>
			<key>name</key>
			<string>zadanieTests</string>
			<key>productName</key>
			<string>zadanieTests</string>
			<key>productReference</key>
			<string>693ABD08197E3BA0007A850E</string>
			<key>productType</key>
			<string>com.apple.product-type.bundle.unit-test</string>
		</dict>
		<key>693ABD08197E3BA0007A850E</key>
		<dict>
			<key>explicitFileType</key>
			<string>wrapper.cfbundle</string>
			<key>includeInIndex</key>
			<string>0</string>
			<key>isa</key>
			<string>PBXFileReference</string>
			<key>path</key>
			<string>zadanieTests.xctest</string>
			<key>sourceTree</key>
			<string>BUILT_PRODUCTS_DIR</string>
		</dict>
		<key>693ABD09197E3BA0007A850E</key>
		<dict>
			<key>isa</key>
			<string>PBXFileReference</string>
			<key>lastKnownFileType</key>
			<string>wrapper.framework</string>
			<key>name</key>
			<string>XCTest.framework</string>
			<key>path</key>
			<string>Library/Frameworks/XCTest.framework</string>
			<key>sourceTree</key>
			<string>DEVELOPER_DIR</string>
		</dict>
		<key>693ABD0A197E3BA0007A850E</key>
		<dict>
			<key>fileRef</key>
			<string>693ABD09197E3BA0007A850E</string>
			<key>isa</key>
			<string>PBXBuildFile</string>
		</dict>
		<key>693ABD0B197E3BA0007A850E</key>
		<dict>
			<key>fileRef</key>
			<string>693ABCEA197E3B9F007A850E</string>
			<key>isa</key>
			<string>PBXBuildFile</string>
		</dict>
		<key>693ABD0C197E3BA0007A850E</key>
		<dict>
			<key>fileRef</key>
			<string>693ABCEE197E3B9F007A850E</string>
			<key>isa</key>
			<string>PBXBuildFile</string>
		</dict>
		<key>693ABD0D197E3BA0007A850E</key>
		<dict>
			<key>containerPortal</key>
			<string>693ABCDF197E3B9F007A850E</string>
			<key>isa</key>
			<string>PBXContainerItemProxy</string>
			<key>proxyType</key>
			<string>1</string>
			<key>remoteGlobalIDString</key>
			<string>693ABCE6197E3B9F007A850E</string>
			<key>remoteInfo</key>
			<string>zadanie</string>
		</dict>
		<key>693ABD0E197E3BA0007A850E</key>
		<dict>
			<key>isa</key>
			<string>PBXTargetDependency</string>
			<key>target</key>
			<string>693ABCE6197E3B9F007A850E</string>
			<key>targetProxy</key>
			<string>693ABD0D197E3BA0007A850E</string>
		</dict>
		<key>693ABD0F197E3BA0007A850E</key>
		<dict>
			<key>children</key>
			<array>
				<string>693ABD15197E3BA0007A850E</string>
				<string>693ABD10197E3BA0007A850E</string>
			</array>
			<key>isa</key>
			<string>PBXGroup</string>
			<key>path</key>
			<string>zadanieTests</string>
			<key>sourceTree</key>
			<string>&lt;group&gt;</string>
		</dict>
		<key>693ABD10197E3BA0007A850E</key>
		<dict>
			<key>children</key>
			<array>
				<string>693ABD11197E3BA0007A850E</string>
				<string>693ABD12197E3BA0007A850E</string>
			</array>
			<key>isa</key>
			<string>PBXGroup</string>
			<key>name</key>
			<string>Supporting Files</string>
			<key>sourceTree</key>
			<string>&lt;group&gt;</string>
		</dict>
		<key>693ABD11197E3BA0007A850E</key>
		<dict>
			<key>isa</key>
			<string>PBXFileReference</string>
			<key>lastKnownFileType</key>
			<string>text.plist.xml</string>
			<key>path</key>
			<string>zadanieTests-Info.plist</string>
			<key>sourceTree</key>
			<string>&lt;group&gt;</string>
		</dict>
		<key>693ABD12197E3BA0007A850E</key>
		<dict>
			<key>children</key>
			<array>
				<string>693ABD13197E3BA0007A850E</string>
				<string>690511B4197F94F000116465</string>
			</array>
			<key>isa</key>
			<string>PBXVariantGroup</string>
			<key>name</key>
			<string>InfoPlist.strings</string>
			<key>sourceTree</key>
			<string>&lt;group&gt;</string>
		</dict>
		<key>693ABD13197E3BA0007A850E</key>
		<dict>
			<key>isa</key>
			<string>PBXFileReference</string>
			<key>lastKnownFileType</key>
			<string>text.plist.strings</string>
			<key>name</key>
			<string>en</string>
			<key>path</key>
			<string>en.lproj/InfoPlist.strings</string>
			<key>sourceTree</key>
			<string>&lt;group&gt;</string>
		</dict>
		<key>693ABD14197E3BA0007A850E</key>
		<dict>
			<key>fileRef</key>
			<string>693ABD12197E3BA0007A850E</string>
			<key>isa</key>
			<string>PBXBuildFile</string>
		</dict>
		<key>693ABD15197E3BA0007A850E</key>
		<dict>
			<key>isa</key>
			<string>PBXFileReference</string>
			<key>lastKnownFileType</key>
			<string>sourcecode.c.objc</string>
			<key>path</key>
			<string>zadanieTests.m</string>
			<key>sourceTree</key>
			<string>&lt;group&gt;</string>
		</dict>
		<key>693ABD16197E3BA0007A850E</key>
		<dict>
			<key>fileRef</key>
			<string>693ABD15197E3BA0007A850E</string>
			<key>isa</key>
			<string>PBXBuildFile</string>
		</dict>
		<key>693ABD17197E3BA0007A850E</key>
		<dict>
			<key>buildSettings</key>
			<dict>
				<key>ALWAYS_SEARCH_USER_PATHS</key>
				<string>NO</string>
				<key>CLANG_CXX_LANGUAGE_STANDARD</key>
				<string>gnu++0x</string>
				<key>CLANG_CXX_LIBRARY</key>
				<string>libc++</string>
				<key>CLANG_ENABLE_MODULES</key>
				<string>YES</string>
				<key>CLANG_ENABLE_OBJC_ARC</key>
				<string>YES</string>
				<key>CLANG_WARN_BOOL_CONVERSION</key>
				<string>YES</string>
				<key>CLANG_WARN_CONSTANT_CONVERSION</key>
				<string>YES</string>
				<key>CLANG_WARN_DIRECT_OBJC_ISA_USAGE</key>
				<string>YES_ERROR</string>
				<key>CLANG_WARN_EMPTY_BODY</key>
				<string>YES</string>
				<key>CLANG_WARN_ENUM_CONVERSION</key>
				<string>YES</string>
				<key>CLANG_WARN_INT_CONVERSION</key>
				<string>YES</string>
				<key>CLANG_WARN_OBJC_ROOT_CLASS</key>
				<string>YES_ERROR</string>
				<key>CLANG_WARN__DUPLICATE_METHOD_MATCH</key>
				<string>YES</string>
				<key>CODE_SIGN_IDENTITY[sdk=iphoneos*]</key>
				<string>iPhone Developer</string>
				<key>COPY_PHASE_STRIP</key>
				<string>NO</string>
				<key>GCC_C_LANGUAGE_STANDARD</key>
				<string>gnu99</string>
				<key>GCC_DYNAMIC_NO_PIC</key>
				<string>NO</string>
				<key>GCC_OPTIMIZATION_LEVEL</key>
				<string>0</string>
				<key>GCC_PREPROCESSOR_DEFINITIONS</key>
				<array>
					<string>DEBUG=1</string>
					<string>$(inherited)</string>
				</array>
				<key>GCC_SYMBOLS_PRIVATE_EXTERN</key>
				<string>NO</string>
				<key>GCC_WARN_64_TO_32_BIT_CONVERSION</key>
				<string>YES</string>
				<key>GCC_WARN_ABOUT_RETURN_TYPE</key>
				<string>YES_ERROR</string>
				<key>GCC_WARN_UNDECLARED_SELECTOR</key>
				<string>YES</string>
				<key>GCC_WARN_UNINITIALIZED_AUTOS</key>
				<string>YES_AGGRESSIVE</string>
				<key>GCC_WARN_UNUSED_FUNCTION</key>
				<string>YES</string>
				<key>GCC_WARN_UNUSED_VARIABLE</key>
				<string>YES</string>
				<key>IPHONEOS_DEPLOYMENT_TARGET</key>
				<string>7.1</string>
				<key>ONLY_ACTIVE_ARCH</key>
				<string>YES</string>
				<key>SDKROOT</key>
				<string>iphoneos</string>
			</dict>
			<key>isa</key>
			<string>XCBuildConfiguration</string>
			<key>name</key>
			<string>Debug</string>
		</dict>
		<key>693ABD18197E3BA0007A850E</key>
		<dict>
			<key>buildSettings</key>
			<dict>
				<key>ALWAYS_SEARCH_USER_PATHS</key>
				<string>NO</string>
				<key>CLANG_CXX_LANGUAGE_STANDARD</key>
				<string>gnu++0x</string>
				<key>CLANG_CXX_LIBRARY</key>
				<string>libc++</string>
				<key>CLANG_ENABLE_MODULES</key>
				<string>YES</string>
				<key>CLANG_ENABLE_OBJC_ARC</key>
				<string>YES</string>
				<key>CLANG_WARN_BOOL_CONVERSION</key>
				<string>YES</string>
				<key>CLANG_WARN_CONSTANT_CONVERSION</key>
				<string>YES</string>
				<key>CLANG_WARN_DIRECT_OBJC_ISA_USAGE</key>
				<string>YES_ERROR</string>
				<key>CLANG_WARN_EMPTY_BODY</key>
				<string>YES</string>
				<key>CLANG_WARN_ENUM_CONVERSION</key>
				<string>YES</string>
				<key>CLANG_WARN_INT_CONVERSION</key>
				<string>YES</string>
				<key>CLANG_WARN_OBJC_ROOT_CLASS</key>
				<string>YES_ERROR</string>
				<key>CLANG_WARN__DUPLICATE_METHOD_MATCH</key>
				<string>YES</string>
				<key>CODE_SIGN_IDENTITY[sdk=iphoneos*]</key>
				<string>iPhone Developer</string>
				<key>COPY_PHASE_STRIP</key>
				<string>YES</string>
				<key>ENABLE_NS_ASSERTIONS</key>
				<string>NO</string>
				<key>GCC_C_LANGUAGE_STANDARD</key>
				<string>gnu99</string>
				<key>GCC_WARN_64_TO_32_BIT_CONVERSION</key>
				<string>YES</string>
				<key>GCC_WARN_ABOUT_RETURN_TYPE</key>
				<string>YES_ERROR</string>
				<key>GCC_WARN_UNDECLARED_SELECTOR</key>
				<string>YES</string>
				<key>GCC_WARN_UNINITIALIZED_AUTOS</key>
				<string>YES_AGGRESSIVE</string>
				<key>GCC_WARN_UNUSED_FUNCTION</key>
				<string>YES</string>
				<key>GCC_WARN_UNUSED_VARIABLE</key>
				<string>YES</string>
				<key>IPHONEOS_DEPLOYMENT_TARGET</key>
				<string>7.1</string>
				<key>SDKROOT</key>
				<string>iphoneos</string>
				<key>VALIDATE_PRODUCT</key>
				<string>YES</string>
			</dict>
			<key>isa</key>
			<string>XCBuildConfiguration</string>
			<key>name</key>
			<string>Release</string>
		</dict>
		<key>693ABD19197E3BA0007A850E</key>
		<dict>
			<key>buildConfigurations</key>
			<array>
				<string>693ABD1A197E3BA0007A850E</string>
				<string>693ABD1B197E3BA0007A850E</string>
			</array>
			<key>defaultConfigurationIsVisible</key>
			<string>0</string>
			<key>defaultConfigurationName</key>
			<string>Release</string>
			<key>isa</key>
			<string>XCConfigurationList</string>
		</dict>
		<key>693ABD1A197E3BA0007A850E</key>
		<dict>
			<key>baseConfigurationReference</key>
			<string>737BB5174ECD431AAFD6ECCC</string>
			<key>buildSettings</key>
			<dict>
				<key>ASSETCATALOG_COMPILER_APPICON_NAME</key>
				<string>AppIcon</string>
				<key>ASSETCATALOG_COMPILER_LAUNCHIMAGE_NAME</key>
				<string>LaunchImage</string>
				<key>GCC_PRECOMPILE_PREFIX_HEADER</key>
				<string>YES</string>
				<key>GCC_PREFIX_HEADER</key>
				<string>zadanie/zadanie-Prefix.pch</string>
				<key>INFOPLIST_FILE</key>
				<string>zadanie/zadanie-Info.plist</string>
				<key>IPHONEOS_DEPLOYMENT_TARGET</key>
				<string>6.0</string>
				<key>PRODUCT_NAME</key>
				<string>$(TARGET_NAME)</string>
				<key>WRAPPER_EXTENSION</key>
				<string>app</string>
			</dict>
			<key>isa</key>
			<string>XCBuildConfiguration</string>
			<key>name</key>
			<string>Debug</string>
		</dict>
		<key>693ABD1B197E3BA0007A850E</key>
		<dict>
			<key>baseConfigurationReference</key>
			<string>737BB5174ECD431AAFD6ECCC</string>
			<key>buildSettings</key>
			<dict>
				<key>ASSETCATALOG_COMPILER_APPICON_NAME</key>
				<string>AppIcon</string>
				<key>ASSETCATALOG_COMPILER_LAUNCHIMAGE_NAME</key>
				<string>LaunchImage</string>
				<key>GCC_PRECOMPILE_PREFIX_HEADER</key>
				<string>YES</string>
				<key>GCC_PREFIX_HEADER</key>
				<string>zadanie/zadanie-Prefix.pch</string>
				<key>INFOPLIST_FILE</key>
				<string>zadanie/zadanie-Info.plist</string>
				<key>IPHONEOS_DEPLOYMENT_TARGET</key>
				<string>6.0</string>
				<key>PRODUCT_NAME</key>
				<string>$(TARGET_NAME)</string>
				<key>WRAPPER_EXTENSION</key>
				<string>app</string>
			</dict>
			<key>isa</key>
			<string>XCBuildConfiguration</string>
			<key>name</key>
			<string>Release</string>
		</dict>
		<key>693ABD1C197E3BA0007A850E</key>
		<dict>
			<key>buildConfigurations</key>
			<array>
				<string>693ABD1D197E3BA0007A850E</string>
				<string>693ABD1E197E3BA0007A850E</string>
			</array>
			<key>defaultConfigurationIsVisible</key>
			<string>0</string>
			<key>defaultConfigurationName</key>
			<string>Release</string>
			<key>isa</key>
			<string>XCConfigurationList</string>
		</dict>
		<key>693ABD1D197E3BA0007A850E</key>
		<dict>
			<key>buildSettings</key>
			<dict>
				<key>BUNDLE_LOADER</key>
				<string>$(BUILT_PRODUCTS_DIR)/zadanie.app/zadanie</string>
				<key>FRAMEWORK_SEARCH_PATHS</key>
				<array>
					<string>$(SDKROOT)/Developer/Library/Frameworks</string>
					<string>$(inherited)</string>
					<string>$(DEVELOPER_FRAMEWORKS_DIR)</string>
				</array>
				<key>GCC_PRECOMPILE_PREFIX_HEADER</key>
				<string>YES</string>
				<key>GCC_PREFIX_HEADER</key>
				<string>zadanie/zadanie-Prefix.pch</string>
				<key>GCC_PREPROCESSOR_DEFINITIONS</key>
				<array>
					<string>DEBUG=1</string>
					<string>$(inherited)</string>
				</array>
				<key>INFOPLIST_FILE</key>
				<string>zadanieTests/zadanieTests-Info.plist</string>
				<key>PRODUCT_NAME</key>
				<string>$(TARGET_NAME)</string>
				<key>TEST_HOST</key>
				<string>$(BUNDLE_LOADER)</string>
				<key>WRAPPER_EXTENSION</key>
				<string>xctest</string>
			</dict>
			<key>isa</key>
			<string>XCBuildConfiguration</string>
			<key>name</key>
			<string>Debug</string>
		</dict>
		<key>693ABD1E197E3BA0007A850E</key>
		<dict>
			<key>buildSettings</key>
			<dict>
				<key>BUNDLE_LOADER</key>
				<string>$(BUILT_PRODUCTS_DIR)/zadanie.app/zadanie</string>
				<key>FRAMEWORK_SEARCH_PATHS</key>
				<array>
					<string>$(SDKROOT)/Developer/Library/Frameworks</string>
					<string>$(inherited)</string>
					<string>$(DEVELOPER_FRAMEWORKS_DIR)</string>
				</array>
				<key>GCC_PRECOMPILE_PREFIX_HEADER</key>
				<string>YES</string>
				<key>GCC_PREFIX_HEADER</key>
				<string>zadanie/zadanie-Prefix.pch</string>
				<key>INFOPLIST_FILE</key>
				<string>zadanieTests/zadanieTests-Info.plist</string>
				<key>PRODUCT_NAME</key>
				<string>$(TARGET_NAME)</string>
				<key>TEST_HOST</key>
				<string>$(BUNDLE_LOADER)</string>
				<key>WRAPPER_EXTENSION</key>
				<string>xctest</string>
			</dict>
			<key>isa</key>
			<string>XCBuildConfiguration</string>
			<key>name</key>
			<string>Release</string>
		</dict>
		<key>693ABD1F197E3C84007A850E</key>
		<dict>
			<key>isa</key>
			<string>PBXFileReference</string>
			<key>lastKnownFileType</key>
			<string>wrapper.framework</string>
			<key>name</key>
			<string>MapKit.framework</string>
			<key>path</key>
			<string>System/Library/Frameworks/MapKit.framework</string>
			<key>sourceTree</key>
			<string>SDKROOT</string>
		</dict>
		<key>693ABD20197E3C84007A850E</key>
		<dict>
			<key>fileRef</key>
			<string>693ABD1F197E3C84007A850E</string>
			<key>isa</key>
			<string>PBXBuildFile</string>
		</dict>
		<key>693ABD29197E3D19007A850E</key>
		<dict>
			<key>children</key>
			<array>
				<string>693ABD2A197E3D19007A850E</string>
				<string>693ABD2B197E3D19007A850E</string>
				<string>693ABD2D197E3D39007A850E</string>
				<string>693ABD2E197E3D39007A850E</string>
				<string>693ABD32197E4584007A850E</string>
				<string>693ABD33197E4584007A850E</string>
			</array>
			<key>isa</key>
			<string>PBXGroup</string>
			<key>path</key>
			<string>Classes</string>
			<key>sourceTree</key>
			<string>&lt;group&gt;</string>
		</dict>
		<key>693ABD2A197E3D19007A850E</key>
		<dict>
			<key>fileEncoding</key>
			<string>4</string>
			<key>isa</key>
			<string>PBXFileReference</string>
			<key>lastKnownFileType</key>
			<string>sourcecode.c.h</string>
			<key>path</key>
			<string>AppDelegate.h</string>
			<key>sourceTree</key>
			<string>&lt;group&gt;</string>
		</dict>
		<key>693ABD2B197E3D19007A850E</key>
		<dict>
			<key>fileEncoding</key>
			<string>4</string>
			<key>isa</key>
			<string>PBXFileReference</string>
			<key>lastKnownFileType</key>
			<string>sourcecode.c.objc</string>
			<key>path</key>
			<string>AppDelegate.m</string>
			<key>sourceTree</key>
			<string>&lt;group&gt;</string>
		</dict>
		<key>693ABD2C197E3D19007A850E</key>
		<dict>
			<key>fileRef</key>
			<string>693ABD2B197E3D19007A850E</string>
			<key>isa</key>
			<string>PBXBuildFile</string>
		</dict>
		<key>693ABD2D197E3D39007A850E</key>
		<dict>
			<key>fileEncoding</key>
			<string>4</string>
			<key>isa</key>
			<string>PBXFileReference</string>
			<key>lastKnownFileType</key>
			<string>sourcecode.c.h</string>
			<key>path</key>
			<string>MapViewController.h</string>
			<key>sourceTree</key>
			<string>&lt;group&gt;</string>
		</dict>
		<key>693ABD2E197E3D39007A850E</key>
		<dict>
			<key>fileEncoding</key>
			<string>4</string>
			<key>isa</key>
			<string>PBXFileReference</string>
			<key>lastKnownFileType</key>
			<string>sourcecode.c.objc</string>
			<key>path</key>
			<string>MapViewController.m</string>
			<key>sourceTree</key>
			<string>&lt;group&gt;</string>
		</dict>
		<key>693ABD2F197E3D39007A850E</key>
		<dict>
			<key>fileRef</key>
			<string>693ABD2E197E3D39007A850E</string>
			<key>isa</key>
			<string>PBXBuildFile</string>
		</dict>
		<key>693ABD30197E3F5F007A850E</key>
		<dict>
			<key>isa</key>
			<string>PBXFileReference</string>
			<key>lastKnownFileType</key>
			<string>wrapper.framework</string>
			<key>name</key>
			<string>CoreLocation.framework</string>
			<key>path</key>
			<string>System/Library/Frameworks/CoreLocation.framework</string>
			<key>sourceTree</key>
			<string>SDKROOT</string>
		</dict>
		<key>693ABD31197E3F5F007A850E</key>
		<dict>
			<key>fileRef</key>
			<string>693ABD30197E3F5F007A850E</string>
			<key>isa</key>
			<string>PBXBuildFile</string>
		</dict>
		<key>693ABD32197E4584007A850E</key>
		<dict>
			<key>fileEncoding</key>
			<string>4</string>
			<key>isa</key>
			<string>PBXFileReference</string>
			<key>lastKnownFileType</key>
			<string>sourcecode.c.h</string>
			<key>path</key>
			<string>MyAnnotation.h</string>
			<key>sourceTree</key>
			<string>&lt;group&gt;</string>
		</dict>
		<key>693ABD33197E4584007A850E</key>
		<dict>
			<key>fileEncoding</key>
			<string>4</string>
			<key>isa</key>
			<string>PBXFileReference</string>
			<key>lastKnownFileType</key>
			<string>sourcecode.c.objc</string>
			<key>path</key>
			<string>MyAnnotation.m</string>
			<key>sourceTree</key>
			<string>&lt;group&gt;</string>
		</dict>
		<key>693ABD34197E4584007A850E</key>
		<dict>
			<key>fileRef</key>
			<string>693ABD33197E4584007A850E</string>
			<key>isa</key>
			<string>PBXBuildFile</string>
		</dict>
		<key>737BB5174ECD431AAFD6ECCC</key>
		<dict>
			<key>includeInIndex</key>
			<string>1</string>
			<key>isa</key>
			<string>PBXFileReference</string>
			<key>lastKnownFileType</key>
			<string>text.xcconfig</string>
			<key>name</key>
			<string>Pods.xcconfig</string>
			<key>path</key>
			<string>Pods/Pods.xcconfig</string>
			<key>sourceTree</key>
			<string>&lt;group&gt;</string>
		</dict>
		<key>7B09C51D30194AC494F1C98C</key>
		<dict>
			<key>explicitFileType</key>
			<string>archive.ar</string>
			<key>includeInIndex</key>
			<string>0</string>
			<key>isa</key>
			<string>PBXFileReference</string>
			<key>path</key>
			<string>libPods.a</string>
			<key>sourceTree</key>
			<string>BUILT_PRODUCTS_DIR</string>
		</dict>
	</dict>
	<key>rootObject</key>
	<string>693ABCDF197E3B9F007A850E</string>
</dict>
</plist>
